
Microsoft Visual Studio Solution File, Format Version 12.00
# Visual Studio Version 17
VisualStudioVersion = 17.11.35312.102
MinimumVisualStudioVersion = 10.0.40219.1
Project("{FAE04EC0-301F-11D3-BF4B-00C04F79EFBC}") = "04.list", "04.list\04.list.csproj", "{3D38574F-BA62-4AD9-B185-141081047D92}"
EndProject
Global
	GlobalSection(SolutionConfigurationPlatforms) = preSolution
		Debug|Any CPU = Debug|Any CPU
		Release|Any CPU = Release|Any CPU
	EndGlobalSection
	GlobalSection(ProjectConfigurationPlatforms) = postSolution
		{3D38574F-BA62-4AD9-B185-141081047D92}.Debug|Any CPU.ActiveCfg = Debug|Any CPU
		{3D38574F-BA62-4AD9-B185-141081047D92}.Debug|Any CPU.Build.0 = Debug|Any CPU
		{3D38574F-BA62-4AD9-B185-141081047D92}.Release|Any CPU.ActiveCfg = Release|Any CPU
		{3D38574F-BA62-4AD9-B185-141081047D92}.Release|Any CPU.Build.0 = Release|Any CPU
	EndGlobalSection
	GlobalSection(SolutionProperties) = preSolution
		HideSolutionNode = FALSE
	EndGlobalSection
	GlobalSection(ExtensibilityGlobals) = postSolution
		SolutionGuid = {79EB072A-6DCB-4C53-A060-61C0765E8A4D}
	EndGlobalSection
EndGlobal
